# This file is automatically @generated by Cargo.
# It is not intended for manual editing.
version = 4

[[package]]
name = "osai-agent-cli"
version = "0.1.0"

[[package]]
name = "osai-plan-dsl"
version = "0.1.0"

[[package]]
name = "osai-receipt-logger"
version = "0.1.0"

[[package]]
name = "osai-toolbroker"
version = "0.1.0"
